PODS:
  - Alamofire (4.9.1)
  - AlamofireImage (3.6.0):
    - Alamofire (~> 4.9)
  - GoogleSignInSwift (0.3.0)
  - Nimble (8.1.2)
  - Quick (3.0.0)
  - SnapKit (4.2.0)

DEPENDENCIES:
  - AlamofireImage
  - GoogleSignInSwift (from `../`)
  - Nimble
  - Quick
  - SnapKit

SPEC REPOS:
  trunk:
    - Alamofire
    - AlamofireImage
    - Nimble
    - Quick
    - SnapKit

EXTERNAL SOURCES:
  GoogleSignInSwift:
    :path: "../"

SPEC CHECKSUMS:
  Alamofire: 85e8a02c69d6020a0d734f6054870d7ecb75cf18
  AlamofireImage: be9963c6582d68b39e89191f64c82a7d7bf40fdd
  GoogleSignInSwift: cdfd2f6bdb25e9bfa08acc20eb1fb5c338efb493
  Nimble: 3864815b4703c7ebffba875973c70e854489fbae
  Quick: 6d9559f40647bc4d510103842ef2fdd882d753e2
  SnapKit: fe8a619752f3f27075cc9a90244d75c6c3f27e2a

PODFILE CHECKSUM: 3d3f10f3b21be2b74540ec89421caa198300814d

COCOAPODS: 1.9.3
