PODS:
  - Alamofire (5.2.2)
  - AlamofireImage (4.1.0):
    - Alamofire (~> 5.1)
  - GoogleSignInSwift (0.3.0)
  - Nimble (9.0.0)
  - Quick (3.0.0)
  - SnapKit (5.0.1)

DEPENDENCIES:
  - AlamofireImage
  - GoogleSignInSwift (from `../`)
  - Nimble
  - Quick
  - SnapKit

SPEC REPOS:
  trunk:
    - Alamofire
    - AlamofireImage
    - Nimble
    - Quick
    - SnapKit

EXTERNAL SOURCES:
  GoogleSignInSwift:
    :path: "../"

SPEC CHECKSUMS:
  Alamofire: 814429acc853c6c54ff123fc3d2ef66803823ce0
  AlamofireImage: c4a2ba349885fb3064feb74d2e547bd42ce9be10
  GoogleSignInSwift: cdfd2f6bdb25e9bfa08acc20eb1fb5c338efb493
  Nimble: 3b4ec3fd40f1dc178058e0981107721c615643d8
  Quick: 6d9559f40647bc4d510103842ef2fdd882d753e2
  SnapKit: 97b92857e3df3a0c71833cce143274bf6ef8e5eb

PODFILE CHECKSUM: 3d3f10f3b21be2b74540ec89421caa198300814d

COCOAPODS: 1.9.3
